{
  "name": "@kirillvakalov/ghost-cursor-playwright",
  "version": "2.0.4",
  "lockfileVersion": 2,
  "requires": true,
  "packages": {
    "": {
      "name": "@kirillvakalov/ghost-cursor-playwright",
      "version": "2.0.4",
      "license": "MIT",
      "dependencies": {
        "bezier-js": "^4.1.1"
      },
      "devDependencies": {
        "@types/bezier-js": "^4.1.0",
        "@types/node": "^16.11.11",
        "typescript": "^4.5.2"
      },
      "peerDependencies": {
        "playwright": "*",
        "playwright-core": "*"
      },
      "peerDependenciesMeta": {
        "playwright": {
          "optional": true
        },
        "playwright-core": {
          "optional": true
        }
      }
    },
    "node_modules/@types/bezier-js": {
      "version": "4.1.0",
      "resolved": "https://registry.npmjs.org/@types/bezier-js/-/bezier-js-4.1.0.tgz",
      "integrity": "sha512-ElU16s8E6Pr6magp8ihwH1O8pbUJASbMND/qgUc9RsLmP3lMLHiDMRXdjtaObwW5GPtOVYOsXDUIhTIluT+yaw==",
      "dev": true
    },
    "node_modules/@types/node": {
      "version": "16.11.11",
      "resolved": "https://registry.npmjs.org/@types/node/-/node-16.11.11.tgz",
      "integrity": "sha512-KB0sixD67CeecHC33MYn+eYARkqTheIRNuu97y2XMjR7Wu3XibO1vaY6VBV6O/a89SPI81cEUIYT87UqUWlZNw==",
      "dev": true,
      "license": "MIT"
    },
    "node_modules/bezier-js": {
      "version": "4.1.1",
      "resolved": "https://registry.npmjs.org/bezier-js/-/bezier-js-4.1.1.tgz",
      "integrity": "sha512-oVOS6SSFFFlfnZdzC+lsfvhs/RRcbxJ47U04M4s5QIBaJmr3YWmTIL3qmrOK9uW+nUUcl9Jccmo/xpTrG+bBoQ==",
      "license": "MIT",
      "funding": {
        "type": "individual",
        "url": "https://github.com/Pomax/bezierjs/blob/master/FUNDING.md"
      }
    },
    "node_modules/playwright-core": {
      "version": "1.36.2",
      "resolved": "https://registry.npmjs.org/playwright-core/-/playwright-core-1.36.2.tgz",
      "integrity": "sha512-sQYZt31dwkqxOrP7xy2ggDfEzUxM1lodjhsQ3NMMv5uGTRDsLxU0e4xf4wwMkF2gplIxf17QMBCodSFgm6bFVQ==",
      "optional": true,
      "peer": true,
      "bin": {
        "playwright-core": "cli.js"
      },
      "engines": {
        "node": ">=16"
      }
    },
    "node_modules/typescript": {
      "version": "4.5.2",
      "resolved": "https://registry.npmjs.org/typescript/-/typescript-4.5.2.tgz",
      "integrity": "sha512-5BlMof9H1yGt0P8/WF+wPNw6GfctgGjXp5hkblpyT+8rkASSmkUKMXrxR0Xg8ThVCi/JnHQiKXeBaEwCeQwMFw==",
      "dev": true,
      "license": "Apache-2.0",
      "bin": {
        "tsc": "bin/tsc",
        "tsserver": "bin/tsserver"
      },
      "engines": {
        "node": ">=4.2.0"
      }
    }
  },
  "dependencies": {
    "@types/bezier-js": {
      "version": "4.1.0",
      "resolved": "https://registry.npmjs.org/@types/bezier-js/-/bezier-js-4.1.0.tgz",
      "integrity": "sha512-ElU16s8E6Pr6magp8ihwH1O8pbUJASbMND/qgUc9RsLmP3lMLHiDMRXdjtaObwW5GPtOVYOsXDUIhTIluT+yaw==",
      "dev": true
    },
    "@types/node": {
      "version": "16.11.11",
      "resolved": "https://registry.npmjs.org/@types/node/-/node-16.11.11.tgz",
      "integrity": "sha512-KB0sixD67CeecHC33MYn+eYARkqTheIRNuu97y2XMjR7Wu3XibO1vaY6VBV6O/a89SPI81cEUIYT87UqUWlZNw==",
      "dev": true
    },
    "bezier-js": {
      "version": "4.1.1",
      "resolved": "https://registry.npmjs.org/bezier-js/-/bezier-js-4.1.1.tgz",
      "integrity": "sha512-oVOS6SSFFFlfnZdzC+lsfvhs/RRcbxJ47U04M4s5QIBaJmr3YWmTIL3qmrOK9uW+nUUcl9Jccmo/xpTrG+bBoQ=="
    },
    "playwright-core": {
      "version": "1.36.2",
      "resolved": "https://registry.npmjs.org/playwright-core/-/playwright-core-1.36.2.tgz",
      "integrity": "sha512-sQYZt31dwkqxOrP7xy2ggDfEzUxM1lodjhsQ3NMMv5uGTRDsLxU0e4xf4wwMkF2gplIxf17QMBCodSFgm6bFVQ==",
      "optional": true,
      "peer": true
    },
    "typescript": {
      "version": "4.5.2",
      "resolved": "https://registry.npmjs.org/typescript/-/typescript-4.5.2.tgz",
      "integrity": "sha512-5BlMof9H1yGt0P8/WF+wPNw6GfctgGjXp5hkblpyT+8rkASSmkUKMXrxR0Xg8ThVCi/JnHQiKXeBaEwCeQwMFw==",
      "dev": true
    }
  }
}
